
Microsoft Visual Studio Solution File, Format Version 12.00
# Visual Studio Version 16
VisualStudioVersion = 16.0.28729.10
MinimumVisualStudioVersion = 10.0.40219.1
Project("{FAE04EC0-301F-11D3-BF4B-00C04F79EFBC}") = "NoteAppUI", "NoteAppUI\NoteAppUI.csproj", "{7284B1B7-8874-45C2-91EE-A019011BDF3D}"
EndProject
Project("{FAE04EC0-301F-11D3-BF4B-00C04F79EFBC}") = "NoteApp", "NoteApp\NoteApp.csproj", "{E2B1BE95-6840-47F3-BC95-0D5534933905}"
EndProject
Global
	GlobalSection(SolutionConfigurationPlatforms) = preSolution
		Debug|Any CPU = Debug|Any CPU
		Release|Any CPU = Release|Any CPU
	EndGlobalSection
	GlobalSection(ProjectConfigurationPlatforms) = postSolution
		{7284B1B7-8874-45C2-91EE-A019011BDF3D}.Debug|Any CPU.ActiveCfg = Debug|Any CPU
		{7284B1B7-8874-45C2-91EE-A019011BDF3D}.Debug|Any CPU.Build.0 = Debug|Any CPU
		{7284B1B7-8874-45C2-91EE-A019011BDF3D}.Release|Any CPU.ActiveCfg = Release|Any CPU
		{7284B1B7-8874-45C2-91EE-A019011BDF3D}.Release|Any CPU.Build.0 = Release|Any CPU
		{E2B1BE95-6840-47F3-BC95-0D5534933905}.Debug|Any CPU.ActiveCfg = Debug|Any CPU
		{E2B1BE95-6840-47F3-BC95-0D5534933905}.Debug|Any CPU.Build.0 = Debug|Any CPU
		{E2B1BE95-6840-47F3-BC95-0D5534933905}.Release|Any CPU.ActiveCfg = Release|Any CPU
		{E2B1BE95-6840-47F3-BC95-0D5534933905}.Release|Any CPU.Build.0 = Release|Any CPU
	EndGlobalSection
	GlobalSection(SolutionProperties) = preSolution
		HideSolutionNode = FALSE
	EndGlobalSection
	GlobalSection(ExtensibilityGlobals) = postSolution
		SolutionGuid = {730006C2-BAD0-41B6-A5D6-9EF57BC67A82}
	EndGlobalSection
EndGlobal
